
Microsoft Visual Studio Solution File, Format Version 12.00
# Visual Studio 15
VisualStudioVersion = 15.0.26430.16
MinimumVisualStudioVersion = 10.0.40219.1
Project("{FAE04EC0-301F-11D3-BF4B-00C04F79EFBC}") = "Weather.Online", "Weather.Online\Weather.Online.csproj", "{067B50B9-B7E1-49BD-A5F3-93ED94B8136F}"
EndProject
Global
	GlobalSection(SolutionConfigurationPlatforms) = preSolution
		Debug|Any CPU = Debug|Any CPU
		Release|Any CPU = Release|Any CPU
	EndGlobalSection
	GlobalSection(ProjectConfigurationPlatforms) = postSolution
		{067B50B9-B7E1-49BD-A5F3-93ED94B8136F}.Debug|Any CPU.ActiveCfg = Debug|Any CPU
		{067B50B9-B7E1-49BD-A5F3-93ED94B8136F}.Debug|Any CPU.Build.0 = Debug|Any CPU
		{067B50B9-B7E1-49BD-A5F3-93ED94B8136F}.Release|Any CPU.ActiveCfg = Release|Any CPU
		{067B50B9-B7E1-49BD-A5F3-93ED94B8136F}.Release|Any CPU.Build.0 = Release|Any CPU
	EndGlobalSection
	GlobalSection(SolutionProperties) = preSolution
		HideSolutionNode = FALSE
	EndGlobalSection
EndGlobal
